
Microsoft Visual Studio Solution File, Format Version 11.00
# Visual Studio 2010
Project("{FAE04EC0-301F-11D3-BF4B-00C04F79EFBC}") = "e-learning", "e-learning\e-learning.csproj", "{A1E554A8-E06A-44F6-9E2B-E43F2136D37C}"
EndProject
Global
	GlobalSection(SolutionConfigurationPlatforms) = preSolution
		Debug|Any CPU = Debug|Any CPU
		Release|Any CPU = Release|Any CPU
	EndGlobalSection
	GlobalSection(ProjectConfigurationPlatforms) = postSolution
		{A1E554A8-E06A-44F6-9E2B-E43F2136D37C}.Debug|Any CPU.ActiveCfg = Debug|Any CPU
		{A1E554A8-E06A-44F6-9E2B-E43F2136D37C}.Debug|Any CPU.Build.0 = Debug|Any CPU
		{A1E554A8-E06A-44F6-9E2B-E43F2136D37C}.Release|Any CPU.ActiveCfg = Release|Any CPU
		{A1E554A8-E06A-44F6-9E2B-E43F2136D37C}.Release|Any CPU.Build.0 = Release|Any CPU
	EndGlobalSection
	GlobalSection(SolutionProperties) = preSolution
		HideSolutionNode = FALSE
	EndGlobalSection
EndGlobal
